
Microsoft Visual Studio Solution File, Format Version 12.00
# Visual Studio Version 17
VisualStudioVersion = 17.1.32210.238
MinimumVisualStudioVersion = 10.0.40219.1
Project("{FAE04EC0-301F-11D3-BF4B-00C04F79EFBC}") = "ConsoleApp1", "ConsoleApp1\ConsoleApp1.csproj", "{4DA22343-F751-4558-88AB-FFFD0780280C}"
EndProject
Global
	GlobalSection(SolutionConfigurationPlatforms) = preSolution
		Debug|Any CPU = Debug|Any CPU
		Release|Any CPU = Release|Any CPU
	EndGlobalSection
	GlobalSection(ProjectConfigurationPlatforms) = postSolution
		{4DA22343-F751-4558-88AB-FFFD0780280C}.Debug|Any CPU.ActiveCfg = Debug|Any CPU
		{4DA22343-F751-4558-88AB-FFFD0780280C}.Debug|Any CPU.Build.0 = Debug|Any CPU
		{4DA22343-F751-4558-88AB-FFFD0780280C}.Release|Any CPU.ActiveCfg = Release|Any CPU
		{4DA22343-F751-4558-88AB-FFFD0780280C}.Release|Any CPU.Build.0 = Release|Any CPU
	EndGlobalSection
	GlobalSection(SolutionProperties) = preSolution
		HideSolutionNode = FALSE
	EndGlobalSection
	GlobalSection(ExtensibilityGlobals) = postSolution
		SolutionGuid = {2436C2CC-7842-4FAB-976A-CC901A025932}
	EndGlobalSection
EndGlobal
